
Microsoft Visual Studio Solution File, Format Version 12.00
# Visual Studio 14
VisualStudioVersion = 14.0.25420.1
MinimumVisualStudioVersion = 10.0.40219.1
Project("{FAE04EC0-301F-11D3-BF4B-00C04F79EFBC}") = "KarolsBudget", "KarolsBudget\KarolsBudget.csproj", "{44227185-AC64-4EB1-9005-87FE8FD048B5}"
EndProject
Project("{FAE04EC0-301F-11D3-BF4B-00C04F79EFBC}") = "BudgetTests", "BudgetTests\BudgetTests.csproj", "{3864C959-EF21-4111-9BF2-F8CD9C0DAEB4}"
EndProject
Global
	GlobalSection(SolutionConfigurationPlatforms) = preSolution
		Debug|Any CPU = Debug|Any CPU
		Release|Any CPU = Release|Any CPU
	EndGlobalSection
	GlobalSection(ProjectConfigurationPlatforms) = postSolution
		{44227185-AC64-4EB1-9005-87FE8FD048B5}.Debug|Any CPU.ActiveCfg = Debug|Any CPU
		{44227185-AC64-4EB1-9005-87FE8FD048B5}.Debug|Any CPU.Build.0 = Debug|Any CPU
		{44227185-AC64-4EB1-9005-87FE8FD048B5}.Release|Any CPU.ActiveCfg = Release|Any CPU
		{44227185-AC64-4EB1-9005-87FE8FD048B5}.Release|Any CPU.Build.0 = Release|Any CPU
		{3864C959-EF21-4111-9BF2-F8CD9C0DAEB4}.Debug|Any CPU.ActiveCfg = Debug|Any CPU
		{3864C959-EF21-4111-9BF2-F8CD9C0DAEB4}.Debug|Any CPU.Build.0 = Debug|Any CPU
		{3864C959-EF21-4111-9BF2-F8CD9C0DAEB4}.Release|Any CPU.ActiveCfg = Release|Any CPU
		{3864C959-EF21-4111-9BF2-F8CD9C0DAEB4}.Release|Any CPU.Build.0 = Release|Any CPU
	EndGlobalSection
	GlobalSection(SolutionProperties) = preSolution
		HideSolutionNode = FALSE
	EndGlobalSection
EndGlobal
